
Microsoft Visual Studio Solution File, Format Version 12.00
# Visual Studio Version 17
VisualStudioVersion = 17.8.34525.116
MinimumVisualStudioVersion = 10.0.40219.1
Project("{FAE04EC0-301F-11D3-BF4B-00C04F79EFBC}") = "WebApi", "WebApi\WebApi.csproj", "{42DB6AEC-E58B-4EFD-B058-150A97F0845D}"
EndProject
Project("{FAE04EC0-301F-11D3-BF4B-00C04F79EFBC}") = "Entities", "Entities\Entities.csproj", "{985AAE5B-08A0-406D-86EC-5EF0164E3A8D}"
EndProject
Project("{FAE04EC0-301F-11D3-BF4B-00C04F79EFBC}") = "DataAccess", "DataAccess\DataAccess.csproj", "{3F304A78-0EB0-40D9-B668-24DB7694D906}"
EndProject
Project("{FAE04EC0-301F-11D3-BF4B-00C04F79EFBC}") = "Business", "Business\Business.csproj", "{8DBA5CE6-FC4D-4FD1-A336-C69193F53A46}"
EndProject
Project("{FAE04EC0-301F-11D3-BF4B-00C04F79EFBC}") = "Core", "Core\Core.csproj", "{0E8A20BD-8CFE-45C7-83F7-897892F034CB}"
EndProject
Global
	GlobalSection(SolutionConfigurationPlatforms) = preSolution
		Debug|Any CPU = Debug|Any CPU
		Release|Any CPU = Release|Any CPU
	EndGlobalSection
	GlobalSection(ProjectConfigurationPlatforms) = postSolution
		{42DB6AEC-E58B-4EFD-B058-150A97F0845D}.Debug|Any CPU.ActiveCfg = Debug|Any CPU
		{42DB6AEC-E58B-4EFD-B058-150A97F0845D}.Debug|Any CPU.Build.0 = Debug|Any CPU
		{42DB6AEC-E58B-4EFD-B058-150A97F0845D}.Release|Any CPU.ActiveCfg = Release|Any CPU
		{42DB6AEC-E58B-4EFD-B058-150A97F0845D}.Release|Any CPU.Build.0 = Release|Any CPU
		{985AAE5B-08A0-406D-86EC-5EF0164E3A8D}.Debug|Any CPU.ActiveCfg = Debug|Any CPU
		{985AAE5B-08A0-406D-86EC-5EF0164E3A8D}.Debug|Any CPU.Build.0 = Debug|Any CPU
		{985AAE5B-08A0-406D-86EC-5EF0164E3A8D}.Release|Any CPU.ActiveCfg = Release|Any CPU
		{985AAE5B-08A0-406D-86EC-5EF0164E3A8D}.Release|Any CPU.Build.0 = Release|Any CPU
		{3F304A78-0EB0-40D9-B668-24DB7694D906}.Debug|Any CPU.ActiveCfg = Debug|Any CPU
		{3F304A78-0EB0-40D9-B668-24DB7694D906}.Debug|Any CPU.Build.0 = Debug|Any CPU
		{3F304A78-0EB0-40D9-B668-24DB7694D906}.Release|Any CPU.ActiveCfg = Release|Any CPU
		{3F304A78-0EB0-40D9-B668-24DB7694D906}.Release|Any CPU.Build.0 = Release|Any CPU
		{8DBA5CE6-FC4D-4FD1-A336-C69193F53A46}.Debug|Any CPU.ActiveCfg = Debug|Any CPU
		{8DBA5CE6-FC4D-4FD1-A336-C69193F53A46}.Debug|Any CPU.Build.0 = Debug|Any CPU
		{8DBA5CE6-FC4D-4FD1-A336-C69193F53A46}.Release|Any CPU.ActiveCfg = Release|Any CPU
		{8DBA5CE6-FC4D-4FD1-A336-C69193F53A46}.Release|Any CPU.Build.0 = Release|Any CPU
		{0E8A20BD-8CFE-45C7-83F7-897892F034CB}.Debug|Any CPU.ActiveCfg = Debug|Any CPU
		{0E8A20BD-8CFE-45C7-83F7-897892F034CB}.Debug|Any CPU.Build.0 = Debug|Any CPU
		{0E8A20BD-8CFE-45C7-83F7-897892F034CB}.Release|Any CPU.ActiveCfg = Release|Any CPU
		{0E8A20BD-8CFE-45C7-83F7-897892F034CB}.Release|Any CPU.Build.0 = Release|Any CPU
	EndGlobalSection
	GlobalSection(SolutionProperties) = preSolution
		HideSolutionNode = FALSE
	EndGlobalSection
	GlobalSection(ExtensibilityGlobals) = postSolution
		SolutionGuid = {BB2FD1AE-0D9E-4D70-B6EF-09BDA1185F9F}
	EndGlobalSection
EndGlobal
